<Solution>
  <Folder Name="/src/">
    <Project Path="src/Nmf.Cli/Nmf.Cli.csproj" />
    <Project Path="src/Nmf.Client.Tests/Nmf.Client.Tests.csproj" />
    <Project Path="src/Nmf.Client/Nmf.Client.csproj" />
    <Project Path="src/Nmf.Content.Tests/Nmf.Content.Tests.csproj" />
    <Project Path="src/Nmf.Content/Nmf.Content.csproj" />
    <Project Path="src/Nmf.Sim.Tests/Nmf.Sim.Tests.csproj" />
    <Project Path="src/Nmf.Sim/Nmf.Sim.csproj" />
  </Folder>
</Solution>
